
Microsoft Visual Studio Solution File, Format Version 12.00
# Visual Studio Version 17
VisualStudioVersion = 17.8.34316.72
MinimumVisualStudioVersion = 10.0.40219.1
Project("{8BC9CEB8-8B4A-11D0-8D11-00A0C91BC942}") = "JetFighter", "JetFighter\JetFighter.vcxproj", "{EA70F4C1-B786-49D9-954A-3C8E5D21B007}"
EndProject
Global
	GlobalSection(SolutionConfigurationPlatforms) = preSolution
		Debug|x64 = Debug|x64
		Debug|x86 = Debug|x86
		Release|x64 = Release|x64
		Release|x86 = Release|x86
	EndGlobalSection
	GlobalSection(ProjectConfigurationPlatforms) = postSolution
		{EA70F4C1-B786-49D9-954A-3C8E5D21B007}.Debug|x64.ActiveCfg = Debug|x64
		{EA70F4C1-B786-49D9-954A-3C8E5D21B007}.Debug|x64.Build.0 = Debug|x64
		{EA70F4C1-B786-49D9-954A-3C8E5D21B007}.Debug|x86.ActiveCfg = Debug|Win32
		{EA70F4C1-B786-49D9-954A-3C8E5D21B007}.Debug|x86.Build.0 = Debug|Win32
		{EA70F4C1-B786-49D9-954A-3C8E5D21B007}.Release|x64.ActiveCfg = Release|x64
		{EA70F4C1-B786-49D9-954A-3C8E5D21B007}.Release|x64.Build.0 = Release|x64
		{EA70F4C1-B786-49D9-954A-3C8E5D21B007}.Release|x86.ActiveCfg = Release|Win32
		{EA70F4C1-B786-49D9-954A-3C8E5D21B007}.Release|x86.Build.0 = Release|Win32
	EndGlobalSection
	GlobalSection(SolutionProperties) = preSolution
		HideSolutionNode = FALSE
	EndGlobalSection
	GlobalSection(ExtensibilityGlobals) = postSolution
		SolutionGuid = {65B3E78A-FBFB-4F79-9335-2A1F7D07E8A2}
	EndGlobalSection
EndGlobal
